
Microsoft Visual Studio Solution File, Format Version 12.00
# Visual Studio Version 17
VisualStudioVersion = 17.7.34221.43
MinimumVisualStudioVersion = 10.0.40219.1
Project("{FAE04EC0-301F-11D3-BF4B-00C04F79EFBC}") = "Marbles", "Marbles.csproj", "{B78F85AB-4215-414B-9D6B-011C2BC5B3D1}"
EndProject
Global
	GlobalSection(SolutionConfigurationPlatforms) = preSolution
		Debug|Any CPU = Debug|Any CPU
		Release|Any CPU = Release|Any CPU
	EndGlobalSection
	GlobalSection(ProjectConfigurationPlatforms) = postSolution
		{B78F85AB-4215-414B-9D6B-011C2BC5B3D1}.Debug|Any CPU.ActiveCfg = Debug|Any CPU
		{B78F85AB-4215-414B-9D6B-011C2BC5B3D1}.Debug|Any CPU.Build.0 = Debug|Any CPU
		{B78F85AB-4215-414B-9D6B-011C2BC5B3D1}.Release|Any CPU.ActiveCfg = Release|Any CPU
		{B78F85AB-4215-414B-9D6B-011C2BC5B3D1}.Release|Any CPU.Build.0 = Release|Any CPU
	EndGlobalSection
	GlobalSection(SolutionProperties) = preSolution
		HideSolutionNode = FALSE
	EndGlobalSection
	GlobalSection(ExtensibilityGlobals) = postSolution
		SolutionGuid = {68841A6F-B1F8-4614-9A26-87A2272C3AA9}
	EndGlobalSection
EndGlobal
